
Microsoft Visual Studio Solution File, Format Version 10.00
# Visual Studio 2008
Project("{FAE04EC0-301F-11D3-BF4B-00C04F79EFBC}") = "TelldusNETWrapper", "TelldusNETWrapper.csproj", "{675C494F-7D3B-4F6F-AB7A-98BA9E2B2B43}"
EndProject
Global
	GlobalSection(SolutionConfigurationPlatforms) = preSolution
		Debug|Any CPU = Debug|Any CPU
		Release|Any CPU = Release|Any CPU
	EndGlobalSection
	GlobalSection(ProjectConfigurationPlatforms) = postSolution
		{675C494F-7D3B-4F6F-AB7A-98BA9E2B2B43}.Debug|Any CPU.ActiveCfg = Debug|Any CPU
		{675C494F-7D3B-4F6F-AB7A-98BA9E2B2B43}.Debug|Any CPU.Build.0 = Debug|Any CPU
		{675C494F-7D3B-4F6F-AB7A-98BA9E2B2B43}.Release|Any CPU.ActiveCfg = Release|Any CPU
		{675C494F-7D3B-4F6F-AB7A-98BA9E2B2B43}.Release|Any CPU.Build.0 = Release|Any CPU
	EndGlobalSection
	GlobalSection(SolutionProperties) = preSolution
		HideSolutionNode = FALSE
	EndGlobalSection
EndGlobal
